
Microsoft Visual Studio Solution File, Format Version 12.00
# Visual Studio 15
VisualStudioVersion = 15.0.26403.7
MinimumVisualStudioVersion = 10.0.40219.1
Project("{FAE04EC0-301F-11D3-BF4B-00C04F79EFBC}") = "SimpleRestAndJson.Android", "SimpleRestAndJson\SimpleRestAndJson.Android\SimpleRestAndJson.Android.csproj", "{99E71B63-5FA8-4FD3-A562-E5DD87AD1174}"
EndProject
Project("{FAE04EC0-301F-11D3-BF4B-00C04F79EFBC}") = "SimpleRestAndJson", "SimpleRestAndJson\SimpleRestAndJson\SimpleRestAndJson.csproj", "{81B18C0E-D142-4AE0-9935-03B40820EDEB}"
EndProject
Project("{FAE04EC0-301F-11D3-BF4B-00C04F79EFBC}") = "SimpleRestAndJson.UWP", "SimpleRestAndJson\SimpleRestAndJson.UWP\SimpleRestAndJson.UWP.csproj", "{187FAFB3-0505-4DBF-AE0E-A4EF8A44D49F}"
EndProject
Project("{FAE04EC0-301F-11D3-BF4B-00C04F79EFBC}") = "SimpleRestAndJson.iOS", "SimpleRestAndJson\SimpleRestAndJson.iOS\SimpleRestAndJson.iOS.csproj", "{60A2DC15-B810-43EC-A120-9094EB1EB55A}"
EndProject
Project("{2150E333-8FDC-42A3-9474-1A3956D46DE8}") = "Solution Items", "Solution Items", "{D39835C5-1277-4A38-A0AC-96A4E8AE841C}"
	ProjectSection(SolutionItems) = preProject
		SimpleRestAndJson\ScreenShots\SimpleRestAndJsonDroid.PNG = SimpleRestAndJson\ScreenShots\SimpleRestAndJsonDroid.PNG
		SimpleRestAndJson\ScreenShots\SimpleRestAndJsoniOS.png = SimpleRestAndJson\ScreenShots\SimpleRestAndJsoniOS.png
		SimpleRestAndJson\ScreenShots\SimpleRestAndJsonUWP.png = SimpleRestAndJson\ScreenShots\SimpleRestAndJsonUWP.png
	EndProjectSection
EndProject
Global
	GlobalSection(SolutionConfigurationPlatforms) = preSolution
		Ad-Hoc|Any CPU = Ad-Hoc|Any CPU
		Ad-Hoc|ARM = Ad-Hoc|ARM
		Ad-Hoc|iPhone = Ad-Hoc|iPhone
		Ad-Hoc|iPhoneSimulator = Ad-Hoc|iPhoneSimulator
		Ad-Hoc|x64 = Ad-Hoc|x64
		Ad-Hoc|x86 = Ad-Hoc|x86
		AppStore|Any CPU = AppStore|Any CPU
		AppStore|ARM = AppStore|ARM
		AppStore|iPhone = AppStore|iPhone
		AppStore|iPhoneSimulator = AppStore|iPhoneSimulator
		AppStore|x64 = AppStore|x64
		AppStore|x86 = AppStore|x86
		Debug|Any CPU = Debug|Any CPU
		Debug|ARM = Debug|ARM
		Debug|iPhone = Debug|iPhone
		Debug|iPhoneSimulator = Debug|iPhoneSimulator
		Debug|x64 = Debug|x64
		Debug|x86 = Debug|x86
		Release|Any CPU = Release|Any CPU
		Release|ARM = Release|ARM
		Release|iPhone = Release|iPhone
		Release|iPhoneSimulator = Release|iPhoneSimulator
		Release|x64 = Release|x64
		Release|x86 = Release|x86
	EndGlobalSection
	GlobalSection(ProjectConfigurationPlatforms) = postSolution
		{99E71B63-5FA8-4FD3-A562-E5DD87AD1174}.Ad-Hoc|Any CPU.ActiveCfg = Release|Any CPU
		{99E71B63-5FA8-4FD3-A562-E5DD87AD1174}.Ad-Hoc|Any CPU.Build.0 = Release|Any CPU
		{99E71B63-5FA8-4FD3-A562-E5DD87AD1174}.Ad-Hoc|Any CPU.Deploy.0 = Release|Any CPU
		{99E71B63-5FA8-4FD3-A562-E5DD87AD1174}.Ad-Hoc|ARM.ActiveCfg = Release|Any CPU
		{99E71B63-5FA8-4FD3-A562-E5DD87AD1174}.Ad-Hoc|ARM.Build.0 = Release|Any CPU
		{99E71B63-5FA8-4FD3-A562-E5DD87AD1174}.Ad-Hoc|ARM.Deploy.0 = Release|Any CPU
		{99E71B63-5FA8-4FD3-A562-E5DD87AD1174}.Ad-Hoc|iPhone.ActiveCfg = Release|Any CPU
		{99E71B63-5FA8-4FD3-A562-E5DD87AD1174}.Ad-Hoc|iPhone.Build.0 = Release|Any CPU
		{99E71B63-5FA8-4FD3-A562-E5DD87AD1174}.Ad-Hoc|iPhone.Deploy.0 = Release|Any CPU
		{99E71B63-5FA8-4FD3-A562-E5DD87AD1174}.Ad-Hoc|iPhoneSimulator.ActiveCfg = Release|Any CPU
		{99E71B63-5FA8-4FD3-A562-E5DD87AD1174}.Ad-Hoc|iPhoneSimulator.Build.0 = Release|Any CPU
		{99E71B63-5FA8-4FD3-A562-E5DD87AD1174}.Ad-Hoc|iPhoneSimulator.Deploy.0 = Release|Any CPU
		{99E71B63-5FA8-4FD3-A562-E5DD87AD1174}.Ad-Hoc|x64.ActiveCfg = Release|Any CPU
		{99E71B63-5FA8-4FD3-A562-E5DD87AD1174}.Ad-Hoc|x64.Build.0 = Release|Any CPU
		{99E71B63-5FA8-4FD3-A562-E5DD87AD1174}.Ad-Hoc|x64.Deploy.0 = Release|Any CPU
		{99E71B63-5FA8-4FD3-A562-E5DD87AD1174}.Ad-Hoc|x86.ActiveCfg = Release|Any CPU
		{99E71B63-5FA8-4FD3-A562-E5DD87AD1174}.Ad-Hoc|x86.Build.0 = Release|Any CPU
		{99E71B63-5FA8-4FD3-A562-E5DD87AD1174}.Ad-Hoc|x86.Deploy.0 = Release|Any CPU
		{99E71B63-5FA8-4FD3-A562-E5DD87AD1174}.AppStore|Any CPU.ActiveCfg = Release|Any CPU
		{99E71B63-5FA8-4FD3-A562-E5DD87AD1174}.AppStore|Any CPU.Build.0 = Release|Any CPU
		{99E71B63-5FA8-4FD3-A562-E5DD87AD1174}.AppStore|Any CPU.Deploy.0 = Release|Any CPU
		{99E71B63-5FA8-4FD3-A562-E5DD87AD1174}.AppStore|ARM.ActiveCfg = Release|Any CPU
		{99E71B63-5FA8-4FD3-A562-E5DD87AD1174}.AppStore|ARM.Build.0 = Release|Any CPU
		{99E71B63-5FA8-4FD3-A562-E5DD87AD1174}.AppStore|ARM.Deploy.0 = Release|Any CPU
		{99E71B63-5FA8-4FD3-A562-E5DD87AD1174}.AppStore|iPhone.ActiveCfg = Release|Any CPU
		{99E71B63-5FA8-4FD3-A562-E5DD87AD1174}.AppStore|iPhone.Build.0 = Release|Any CPU
		{99E71B63-5FA8-4FD3-A562-E5DD87AD1174}.AppStore|iPhone.Deploy.0 = Release|Any CPU
		{99E71B63-5FA8-4FD3-A562-E5DD87AD1174}.AppStore|iPhoneSimulator.ActiveCfg = Release|Any CPU
		{99E71B63-5FA8-4FD3-A562-E5DD87AD1174}.AppStore|iPhoneSimulator.Build.0 = Release|Any CPU
		{99E71B63-5FA8-4FD3-A562-E5DD87AD1174}.AppStore|iPhoneSimulator.Deploy.0 = Release|Any CPU
		{99E71B63-5FA8-4FD3-A562-E5DD87AD1174}.AppStore|x64.ActiveCfg = Release|Any CPU
		{99E71B63-5FA8-4FD3-A562-E5DD87AD1174}.AppStore|x64.Build.0 = Release|Any CPU
		{99E71B63-5FA8-4FD3-A562-E5DD87AD1174}.AppStore|x64.Deploy.0 = Release|Any CPU
		{99E71B63-5FA8-4FD3-A562-E5DD87AD1174}.AppStore|x86.ActiveCfg = Release|Any CPU
		{99E71B63-5FA8-4FD3-A562-E5DD87AD1174}.AppStore|x86.Build.0 = Release|Any CPU
		{99E71B63-5FA8-4FD3-A562-E5DD87AD1174}.AppStore|x86.Deploy.0 = Release|Any CPU
		{99E71B63-5FA8-4FD3-A562-E5DD87AD1174}.Debug|Any CPU.ActiveCfg = Debug|Any CPU
		{99E71B63-5FA8-4FD3-A562-E5DD87AD1174}.Debug|Any CPU.Build.0 = Debug|Any CPU
		{99E71B63-5FA8-4FD3-A562-E5DD87AD1174}.Debug|Any CPU.Deploy.0 = Debug|Any CPU
		{99E71B63-5FA8-4FD3-A562-E5DD87AD1174}.Debug|ARM.ActiveCfg = Debug|Any CPU
		{99E71B63-5FA8-4FD3-A562-E5DD87AD1174}.Debug|ARM.Build.0 = Debug|Any CPU
		{99E71B63-5FA8-4FD3-A562-E5DD87AD1174}.Debug|ARM.Deploy.0 = Debug|Any CPU
		{99E71B63-5FA8-4FD3-A562-E5DD87AD1174}.Debug|iPhone.ActiveCfg = Debug|Any CPU
		{99E71B63-5FA8-4FD3-A562-E5DD87AD1174}.Debug|iPhoneSimulator.ActiveCfg = Debug|Any CPU
		{99E71B63-5FA8-4FD3-A562-E5DD87AD1174}.Debug|iPhoneSimulator.Build.0 = Debug|Any CPU
		{99E71B63-5FA8-4FD3-A562-E5DD87AD1174}.Debug|iPhoneSimulator.Deploy.0 = Debug|Any CPU
		{99E71B63-5FA8-4FD3-A562-E5DD87AD1174}.Debug|x64.ActiveCfg = Debug|Any CPU
		{99E71B63-5FA8-4FD3-A562-E5DD87AD1174}.Debug|x64.Build.0 = Debug|Any CPU
		{99E71B63-5FA8-4FD3-A562-E5DD87AD1174}.Debug|x64.Deploy.0 = Debug|Any CPU
		{99E71B63-5FA8-4FD3-A562-E5DD87AD1174}.Debug|x86.ActiveCfg = Debug|Any CPU
		{99E71B63-5FA8-4FD3-A562-E5DD87AD1174}.Debug|x86.Build.0 = Debug|Any CPU
		{99E71B63-5FA8-4FD3-A562-E5DD87AD1174}.Debug|x86.Deploy.0 = Debug|Any CPU
		{99E71B63-5FA8-4FD3-A562-E5DD87AD1174}.Release|Any CPU.ActiveCfg = Release|Any CPU
		{99E71B63-5FA8-4FD3-A562-E5DD87AD1174}.Release|Any CPU.Build.0 = Release|Any CPU
		{99E71B63-5FA8-4FD3-A562-E5DD87AD1174}.Release|Any CPU.Deploy.0 = Release|Any CPU
		{99E71B63-5FA8-4FD3-A562-E5DD87AD1174}.Release|ARM.ActiveCfg = Release|Any CPU
		{99E71B63-5FA8-4FD3-A562-E5DD87AD1174}.Release|ARM.Build.0 = Release|Any CPU
		{99E71B63-5FA8-4FD3-A562-E5DD87AD1174}.Release|ARM.Deploy.0 = Release|Any CPU
		{99E71B63-5FA8-4FD3-A562-E5DD87AD1174}.Release|iPhone.ActiveCfg = Release|Any CPU
		{99E71B63-5FA8-4FD3-A562-E5DD87AD1174}.Release|iPhone.Build.0 = Release|Any CPU
		{99E71B63-5FA8-4FD3-A562-E5DD87AD1174}.Release|iPhone.Deploy.0 = Release|Any CPU
		{99E71B63-5FA8-4FD3-A562-E5DD87AD1174}.Release|iPhoneSimulator.ActiveCfg = Release|Any CPU
		{99E71B63-5FA8-4FD3-A562-E5DD87AD1174}.Release|iPhoneSimulator.Build.0 = Release|Any CPU
		{99E71B63-5FA8-4FD3-A562-E5DD87AD1174}.Release|iPhoneSimulator.Deploy.0 = Release|Any CPU
		{99E71B63-5FA8-4FD3-A562-E5DD87AD1174}.Release|x64.ActiveCfg = Release|Any CPU
		{99E71B63-5FA8-4FD3-A562-E5DD87AD1174}.Release|x64.Build.0 = Release|Any CPU
		{99E71B63-5FA8-4FD3-A562-E5DD87AD1174}.Release|x64.Deploy.0 = Release|Any CPU
		{99E71B63-5FA8-4FD3-A562-E5DD87AD1174}.Release|x86.ActiveCfg = Release|Any CPU
		{99E71B63-5FA8-4FD3-A562-E5DD87AD1174}.Release|x86.Build.0 = Release|Any CPU
		{99E71B63-5FA8-4FD3-A562-E5DD87AD1174}.Release|x86.Deploy.0 = Release|Any CPU
		{81B18C0E-D142-4AE0-9935-03B40820EDEB}.Ad-Hoc|Any CPU.ActiveCfg = Release|Any CPU
		{81B18C0E-D142-4AE0-9935-03B40820EDEB}.Ad-Hoc|Any CPU.Build.0 = Release|Any CPU
		{81B18C0E-D142-4AE0-9935-03B40820EDEB}.Ad-Hoc|ARM.ActiveCfg = Release|Any CPU
		{81B18C0E-D142-4AE0-9935-03B40820EDEB}.Ad-Hoc|ARM.Build.0 = Release|Any CPU
		{81B18C0E-D142-4AE0-9935-03B40820EDEB}.Ad-Hoc|iPhone.ActiveCfg = Release|Any CPU
		{81B18C0E-D142-4AE0-9935-03B40820EDEB}.Ad-Hoc|iPhone.Build.0 = Release|Any CPU
		{81B18C0E-D142-4AE0-9935-03B40820EDEB}.Ad-Hoc|iPhoneSimulator.ActiveCfg = Release|Any CPU
		{81B18C0E-D142-4AE0-9935-03B40820EDEB}.Ad-Hoc|iPhoneSimulator.Build.0 = Release|Any CPU
		{81B18C0E-D142-4AE0-9935-03B40820EDEB}.Ad-Hoc|x64.ActiveCfg = Release|Any CPU
		{81B18C0E-D142-4AE0-9935-03B40820EDEB}.Ad-Hoc|x64.Build.0 = Release|Any CPU
		{81B18C0E-D142-4AE0-9935-03B40820EDEB}.Ad-Hoc|x86.ActiveCfg = Release|Any CPU
		{81B18C0E-D142-4AE0-9935-03B40820EDEB}.Ad-Hoc|x86.Build.0 = Release|Any CPU
		{81B18C0E-D142-4AE0-9935-03B40820EDEB}.AppStore|Any CPU.ActiveCfg = Release|Any CPU
		{81B18C0E-D142-4AE0-9935-03B40820EDEB}.AppStore|Any CPU.Build.0 = Release|Any CPU
		{81B18C0E-D142-4AE0-9935-03B40820EDEB}.AppStore|ARM.ActiveCfg = Release|Any CPU
		{81B18C0E-D142-4AE0-9935-03B40820EDEB}.AppStore|ARM.Build.0 = Release|Any CPU
		{81B18C0E-D142-4AE0-9935-03B40820EDEB}.AppStore|iPhone.ActiveCfg = Release|Any CPU
		{81B18C0E-D142-4AE0-9935-03B40820EDEB}.AppStore|iPhone.Build.0 = Release|Any CPU
		{81B18C0E-D142-4AE0-9935-03B40820EDEB}.AppStore|iPhoneSimulator.ActiveCfg = Release|Any CPU
		{81B18C0E-D142-4AE0-9935-03B40820EDEB}.AppStore|iPhoneSimulator.Build.0 = Release|Any CPU
		{81B18C0E-D142-4AE0-9935-03B40820EDEB}.AppStore|x64.ActiveCfg = Release|Any CPU
		{81B18C0E-D142-4AE0-9935-03B40820EDEB}.AppStore|x64.Build.0 = Release|Any CPU
		{81B18C0E-D142-4AE0-9935-03B40820EDEB}.AppStore|x86.ActiveCfg = Release|Any CPU
		{81B18C0E-D142-4AE0-9935-03B40820EDEB}.AppStore|x86.Build.0 = Release|Any CPU
		{81B18C0E-D142-4AE0-9935-03B40820EDEB}.Debug|Any CPU.ActiveCfg = Debug|Any CPU
		{81B18C0E-D142-4AE0-9935-03B40820EDEB}.Debug|Any CPU.Build.0 = Debug|Any CPU
		{81B18C0E-D142-4AE0-9935-03B40820EDEB}.Debug|ARM.ActiveCfg = Debug|Any CPU
		{81B18C0E-D142-4AE0-9935-03B40820EDEB}.Debug|ARM.Build.0 = Debug|Any CPU
		{81B18C0E-D142-4AE0-9935-03B40820EDEB}.Debug|iPhone.ActiveCfg = Debug|Any CPU
		{81B18C0E-D142-4AE0-9935-03B40820EDEB}.Debug|iPhone.Build.0 = Debug|Any CPU
		{81B18C0E-D142-4AE0-9935-03B40820EDEB}.Debug|iPhoneSimulator.ActiveCfg = Debug|Any CPU
		{81B18C0E-D142-4AE0-9935-03B40820EDEB}.Debug|iPhoneSimulator.Build.0 = Debug|Any CPU
		{81B18C0E-D142-4AE0-9935-03B40820EDEB}.Debug|x64.ActiveCfg = Debug|Any CPU
		{81B18C0E-D142-4AE0-9935-03B40820EDEB}.Debug|x64.Build.0 = Debug|Any CPU
		{81B18C0E-D142-4AE0-9935-03B40820EDEB}.Debug|x86.ActiveCfg = Debug|Any CPU
		{81B18C0E-D142-4AE0-9935-03B40820EDEB}.Debug|x86.Build.0 = Debug|Any CPU
		{81B18C0E-D142-4AE0-9935-03B40820EDEB}.Release|Any CPU.ActiveCfg = Release|Any CPU
		{81B18C0E-D142-4AE0-9935-03B40820EDEB}.Release|Any CPU.Build.0 = Release|Any CPU
		{81B18C0E-D142-4AE0-9935-03B40820EDEB}.Release|ARM.ActiveCfg = Release|Any CPU
		{81B18C0E-D142-4AE0-9935-03B40820EDEB}.Release|ARM.Build.0 = Release|Any CPU
		{81B18C0E-D142-4AE0-9935-03B40820EDEB}.Release|iPhone.ActiveCfg = Release|Any CPU
		{81B18C0E-D142-4AE0-9935-03B40820EDEB}.Release|iPhone.Build.0 = Release|Any CPU
		{81B18C0E-D142-4AE0-9935-03B40820EDEB}.Release|iPhoneSimulator.ActiveCfg = Release|Any CPU
		{81B18C0E-D142-4AE0-9935-03B40820EDEB}.Release|iPhoneSimulator.Build.0 = Release|Any CPU
		{81B18C0E-D142-4AE0-9935-03B40820EDEB}.Release|x64.ActiveCfg = Release|Any CPU
		{81B18C0E-D142-4AE0-9935-03B40820EDEB}.Release|x64.Build.0 = Release|Any CPU
		{81B18C0E-D142-4AE0-9935-03B40820EDEB}.Release|x86.ActiveCfg = Release|Any CPU
		{81B18C0E-D142-4AE0-9935-03B40820EDEB}.Release|x86.Build.0 = Release|Any CPU
		{187FAFB3-0505-4DBF-AE0E-A4EF8A44D49F}.Ad-Hoc|Any CPU.ActiveCfg = Release|x86
		{187FAFB3-0505-4DBF-AE0E-A4EF8A44D49F}.Ad-Hoc|Any CPU.Build.0 = Release|x86
		{187FAFB3-0505-4DBF-AE0E-A4EF8A44D49F}.Ad-Hoc|Any CPU.Deploy.0 = Release|x86
		{187FAFB3-0505-4DBF-AE0E-A4EF8A44D49F}.Ad-Hoc|ARM.ActiveCfg = Release|ARM
		{187FAFB3-0505-4DBF-AE0E-A4EF8A44D49F}.Ad-Hoc|ARM.Build.0 = Release|ARM
		{187FAFB3-0505-4DBF-AE0E-A4EF8A44D49F}.Ad-Hoc|ARM.Deploy.0 = Release|ARM
		{187FAFB3-0505-4DBF-AE0E-A4EF8A44D49F}.Ad-Hoc|iPhone.ActiveCfg = Release|x86
		{187FAFB3-0505-4DBF-AE0E-A4EF8A44D49F}.Ad-Hoc|iPhone.Build.0 = Release|x86
		{187FAFB3-0505-4DBF-AE0E-A4EF8A44D49F}.Ad-Hoc|iPhone.Deploy.0 = Release|x86
		{187FAFB3-0505-4DBF-AE0E-A4EF8A44D49F}.Ad-Hoc|iPhoneSimulator.ActiveCfg = Release|x86
		{187FAFB3-0505-4DBF-AE0E-A4EF8A44D49F}.Ad-Hoc|iPhoneSimulator.Build.0 = Release|x86
		{187FAFB3-0505-4DBF-AE0E-A4EF8A44D49F}.Ad-Hoc|iPhoneSimulator.Deploy.0 = Release|x86
		{187FAFB3-0505-4DBF-AE0E-A4EF8A44D49F}.Ad-Hoc|x64.ActiveCfg = Release|x64
		{187FAFB3-0505-4DBF-AE0E-A4EF8A44D49F}.Ad-Hoc|x64.Build.0 = Release|x64
		{187FAFB3-0505-4DBF-AE0E-A4EF8A44D49F}.Ad-Hoc|x64.Deploy.0 = Release|x64
		{187FAFB3-0505-4DBF-AE0E-A4EF8A44D49F}.Ad-Hoc|x86.ActiveCfg = Release|x86
		{187FAFB3-0505-4DBF-AE0E-A4EF8A44D49F}.Ad-Hoc|x86.Build.0 = Release|x86
		{187FAFB3-0505-4DBF-AE0E-A4EF8A44D49F}.Ad-Hoc|x86.Deploy.0 = Release|x86
		{187FAFB3-0505-4DBF-AE0E-A4EF8A44D49F}.AppStore|Any CPU.ActiveCfg = Release|x86
		{187FAFB3-0505-4DBF-AE0E-A4EF8A44D49F}.AppStore|Any CPU.Build.0 = Release|x86
		{187FAFB3-0505-4DBF-AE0E-A4EF8A44D49F}.AppStore|Any CPU.Deploy.0 = Release|x86
		{187FAFB3-0505-4DBF-AE0E-A4EF8A44D49F}.AppStore|ARM.ActiveCfg = Release|ARM
		{187FAFB3-0505-4DBF-AE0E-A4EF8A44D49F}.AppStore|ARM.Build.0 = Release|ARM
		{187FAFB3-0505-4DBF-AE0E-A4EF8A44D49F}.AppStore|ARM.Deploy.0 = Release|ARM
		{187FAFB3-0505-4DBF-AE0E-A4EF8A44D49F}.AppStore|iPhone.ActiveCfg = Release|x86
		{187FAFB3-0505-4DBF-AE0E-A4EF8A44D49F}.AppStore|iPhone.Build.0 = Release|x86
		{187FAFB3-0505-4DBF-AE0E-A4EF8A44D49F}.AppStore|iPhone.Deploy.0 = Release|x86
		{187FAFB3-0505-4DBF-AE0E-A4EF8A44D49F}.AppStore|iPhoneSimulator.ActiveCfg = Release|x86
		{187FAFB3-0505-4DBF-AE0E-A4EF8A44D49F}.AppStore|iPhoneSimulator.Build.0 = Release|x86
		{187FAFB3-0505-4DBF-AE0E-A4EF8A44D49F}.AppStore|iPhoneSimulator.Deploy.0 = Release|x86
		{187FAFB3-0505-4DBF-AE0E-A4EF8A44D49F}.AppStore|x64.ActiveCfg = Release|x64
		{187FAFB3-0505-4DBF-AE0E-A4EF8A44D49F}.AppStore|x64.Build.0 = Release|x64
		{187FAFB3-0505-4DBF-AE0E-A4EF8A44D49F}.AppStore|x64.Deploy.0 = Release|x64
		{187FAFB3-0505-4DBF-AE0E-A4EF8A44D49F}.AppStore|x86.ActiveCfg = Release|x86
		{187FAFB3-0505-4DBF-AE0E-A4EF8A44D49F}.AppStore|x86.Build.0 = Release|x86
		{187FAFB3-0505-4DBF-AE0E-A4EF8A44D49F}.AppStore|x86.Deploy.0 = Release|x86
		{187FAFB3-0505-4DBF-AE0E-A4EF8A44D49F}.Debug|Any CPU.ActiveCfg = Debug|x86
		{187FAFB3-0505-4DBF-AE0E-A4EF8A44D49F}.Debug|ARM.ActiveCfg = Debug|ARM
		{187FAFB3-0505-4DBF-AE0E-A4EF8A44D49F}.Debug|ARM.Build.0 = Debug|ARM
		{187FAFB3-0505-4DBF-AE0E-A4EF8A44D49F}.Debug|ARM.Deploy.0 = Debug|ARM
		{187FAFB3-0505-4DBF-AE0E-A4EF8A44D49F}.Debug|iPhone.ActiveCfg = Debug|x86
		{187FAFB3-0505-4DBF-AE0E-A4EF8A44D49F}.Debug|iPhoneSimulator.ActiveCfg = Debug|x86
		{187FAFB3-0505-4DBF-AE0E-A4EF8A44D49F}.Debug|x64.ActiveCfg = Debug|x64
		{187FAFB3-0505-4DBF-AE0E-A4EF8A44D49F}.Debug|x64.Build.0 = Debug|x64
		{187FAFB3-0505-4DBF-AE0E-A4EF8A44D49F}.Debug|x64.Deploy.0 = Debug|x64
		{187FAFB3-0505-4DBF-AE0E-A4EF8A44D49F}.Debug|x86.ActiveCfg = Debug|x86
		{187FAFB3-0505-4DBF-AE0E-A4EF8A44D49F}.Debug|x86.Build.0 = Debug|x86
		{187FAFB3-0505-4DBF-AE0E-A4EF8A44D49F}.Debug|x86.Deploy.0 = Debug|x86
		{187FAFB3-0505-4DBF-AE0E-A4EF8A44D49F}.Release|Any CPU.ActiveCfg = Release|x86
		{187FAFB3-0505-4DBF-AE0E-A4EF8A44D49F}.Release|ARM.ActiveCfg = Release|ARM
		{187FAFB3-0505-4DBF-AE0E-A4EF8A44D49F}.Release|ARM.Build.0 = Release|ARM
		{187FAFB3-0505-4DBF-AE0E-A4EF8A44D49F}.Release|ARM.Deploy.0 = Release|ARM
		{187FAFB3-0505-4DBF-AE0E-A4EF8A44D49F}.Release|iPhone.ActiveCfg = Release|x86
		{187FAFB3-0505-4DBF-AE0E-A4EF8A44D49F}.Release|iPhoneSimulator.ActiveCfg = Release|x86
		{187FAFB3-0505-4DBF-AE0E-A4EF8A44D49F}.Release|x64.ActiveCfg = Release|x64
		{187FAFB3-0505-4DBF-AE0E-A4EF8A44D49F}.Release|x64.Build.0 = Release|x64
		{187FAFB3-0505-4DBF-AE0E-A4EF8A44D49F}.Release|x64.Deploy.0 = Release|x64
		{187FAFB3-0505-4DBF-AE0E-A4EF8A44D49F}.Release|x86.ActiveCfg = Release|x86
		{187FAFB3-0505-4DBF-AE0E-A4EF8A44D49F}.Release|x86.Build.0 = Release|x86
		{187FAFB3-0505-4DBF-AE0E-A4EF8A44D49F}.Release|x86.Deploy.0 = Release|x86
		{60A2DC15-B810-43EC-A120-9094EB1EB55A}.Ad-Hoc|Any CPU.ActiveCfg = Ad-Hoc|iPhone
		{60A2DC15-B810-43EC-A120-9094EB1EB55A}.Ad-Hoc|ARM.ActiveCfg = Ad-Hoc|iPhone
		{60A2DC15-B810-43EC-A120-9094EB1EB55A}.Ad-Hoc|iPhone.ActiveCfg = Ad-Hoc|iPhone
		{60A2DC15-B810-43EC-A120-9094EB1EB55A}.Ad-Hoc|iPhone.Build.0 = Ad-Hoc|iPhone
		{60A2DC15-B810-43EC-A120-9094EB1EB55A}.Ad-Hoc|iPhoneSimulator.ActiveCfg = Ad-Hoc|iPhoneSimulator
		{60A2DC15-B810-43EC-A120-9094EB1EB55A}.Ad-Hoc|iPhoneSimulator.Build.0 = Ad-Hoc|iPhoneSimulator
		{60A2DC15-B810-43EC-A120-9094EB1EB55A}.Ad-Hoc|x64.ActiveCfg = Ad-Hoc|iPhone
		{60A2DC15-B810-43EC-A120-9094EB1EB55A}.Ad-Hoc|x86.ActiveCfg = Ad-Hoc|iPhone
		{60A2DC15-B810-43EC-A120-9094EB1EB55A}.AppStore|Any CPU.ActiveCfg = AppStore|iPhone
		{60A2DC15-B810-43EC-A120-9094EB1EB55A}.AppStore|ARM.ActiveCfg = AppStore|iPhone
		{60A2DC15-B810-43EC-A120-9094EB1EB55A}.AppStore|iPhone.ActiveCfg = AppStore|iPhone
		{60A2DC15-B810-43EC-A120-9094EB1EB55A}.AppStore|iPhone.Build.0 = AppStore|iPhone
		{60A2DC15-B810-43EC-A120-9094EB1EB55A}.AppStore|iPhoneSimulator.ActiveCfg = AppStore|iPhoneSimulator
		{60A2DC15-B810-43EC-A120-9094EB1EB55A}.AppStore|iPhoneSimulator.Build.0 = AppStore|iPhoneSimulator
		{60A2DC15-B810-43EC-A120-9094EB1EB55A}.AppStore|x64.ActiveCfg = AppStore|iPhone
		{60A2DC15-B810-43EC-A120-9094EB1EB55A}.AppStore|x86.ActiveCfg = AppStore|iPhone
		{60A2DC15-B810-43EC-A120-9094EB1EB55A}.Debug|Any CPU.ActiveCfg = Debug|iPhone
		{60A2DC15-B810-43EC-A120-9094EB1EB55A}.Debug|ARM.ActiveCfg = Debug|iPhone
		{60A2DC15-B810-43EC-A120-9094EB1EB55A}.Debug|iPhone.ActiveCfg = Debug|iPhone
		{60A2DC15-B810-43EC-A120-9094EB1EB55A}.Debug|iPhone.Build.0 = Debug|iPhone
		{60A2DC15-B810-43EC-A120-9094EB1EB55A}.Debug|iPhoneSimulator.ActiveCfg = Debug|iPhoneSimulator
		{60A2DC15-B810-43EC-A120-9094EB1EB55A}.Debug|iPhoneSimulator.Build.0 = Debug|iPhoneSimulator
		{60A2DC15-B810-43EC-A120-9094EB1EB55A}.Debug|x64.ActiveCfg = Debug|iPhone
		{60A2DC15-B810-43EC-A120-9094EB1EB55A}.Debug|x86.ActiveCfg = Debug|iPhone
		{60A2DC15-B810-43EC-A120-9094EB1EB55A}.Release|Any CPU.ActiveCfg = Release|iPhone
		{60A2DC15-B810-43EC-A120-9094EB1EB55A}.Release|ARM.ActiveCfg = Release|iPhone
		{60A2DC15-B810-43EC-A120-9094EB1EB55A}.Release|iPhone.ActiveCfg = Release|iPhone
		{60A2DC15-B810-43EC-A120-9094EB1EB55A}.Release|iPhone.Build.0 = Release|iPhone
		{60A2DC15-B810-43EC-A120-9094EB1EB55A}.Release|iPhoneSimulator.ActiveCfg = Release|iPhoneSimulator
		{60A2DC15-B810-43EC-A120-9094EB1EB55A}.Release|iPhoneSimulator.Build.0 = Release|iPhoneSimulator
		{60A2DC15-B810-43EC-A120-9094EB1EB55A}.Release|x64.ActiveCfg = Release|iPhone
		{60A2DC15-B810-43EC-A120-9094EB1EB55A}.Release|x86.ActiveCfg = Release|iPhone
	EndGlobalSection
	GlobalSection(SolutionProperties) = preSolution
		HideSolutionNode = FALSE
	EndGlobalSection
EndGlobal
